
Microsoft Visual Studio Solution File, Format Version 12.00
# Visual Studio Version 17
VisualStudioVersion = 17.5.002.0
MinimumVisualStudioVersion = 10.0.40219.1
Project("{9A19103F-16F7-4668-BE54-9A1E7A4F7556}") = "ChatCommands", "ChatCommands.csproj", "{18DE7F34-724A-4E8D-8F9C-61BE5B18683B}"
EndProject
Global
	GlobalSection(SolutionConfigurationPlatforms) = preSolution
		Debug|Any CPU = Debug|Any CPU
		Release|Any CPU = Release|Any CPU
	EndGlobalSection
	GlobalSection(ProjectConfigurationPlatforms) = postSolution
		{18DE7F34-724A-4E8D-8F9C-61BE5B18683B}.Debug|Any CPU.ActiveCfg = Debug|Any CPU
		{18DE7F34-724A-4E8D-8F9C-61BE5B18683B}.Debug|Any CPU.Build.0 = Debug|Any CPU
		{18DE7F34-724A-4E8D-8F9C-61BE5B18683B}.Release|Any CPU.ActiveCfg = Release|Any CPU
		{18DE7F34-724A-4E8D-8F9C-61BE5B18683B}.Release|Any CPU.Build.0 = Release|Any CPU
	EndGlobalSection
	GlobalSection(SolutionProperties) = preSolution
		HideSolutionNode = FALSE
	EndGlobalSection
	GlobalSection(ExtensibilityGlobals) = postSolution
		SolutionGuid = {5066A1E7-1142-465B-AC90-83E4E60FB3A6}
	EndGlobalSection
EndGlobal
